
Microsoft Visual Studio Solution File, Format Version 12.00
# Visual Studio Version 17
VisualStudioVersion = 17.7.34024.191
MinimumVisualStudioVersion = 10.0.40219.1
Project("{FAE04EC0-301F-11D3-BF4B-00C04F79EFBC}") = "HW_C_Sharp_Extension_method", "HW_C_Sharp_Extension_method\HW_C_Sharp_Extension_method.csproj", "{3FDCB94A-CE65-4F5A-9871-8CD8F5D85314}"
EndProject
Global
	GlobalSection(SolutionConfigurationPlatforms) = preSolution
		Debug|Any CPU = Debug|Any CPU
		Release|Any CPU = Release|Any CPU
	EndGlobalSection
	GlobalSection(ProjectConfigurationPlatforms) = postSolution
		{3FDCB94A-CE65-4F5A-9871-8CD8F5D85314}.Debug|Any CPU.ActiveCfg = Debug|Any CPU
		{3FDCB94A-CE65-4F5A-9871-8CD8F5D85314}.Debug|Any CPU.Build.0 = Debug|Any CPU
		{3FDCB94A-CE65-4F5A-9871-8CD8F5D85314}.Release|Any CPU.ActiveCfg = Release|Any CPU
		{3FDCB94A-CE65-4F5A-9871-8CD8F5D85314}.Release|Any CPU.Build.0 = Release|Any CPU
	EndGlobalSection
	GlobalSection(SolutionProperties) = preSolution
		HideSolutionNode = FALSE
	EndGlobalSection
	GlobalSection(ExtensibilityGlobals) = postSolution
		SolutionGuid = {CB1DDDEA-C2EB-4404-A68E-2CD17A7B3D14}
	EndGlobalSection
EndGlobal
